
Microsoft Visual Studio Solution File, Format Version 12.00
# Visual Studio 15
VisualStudioVersion = 15.0.28307.572
MinimumVisualStudioVersion = 10.0.40219.1
Project("{FAE04EC0-301F-11D3-BF4B-00C04F79EFBC}") = "ConsoleApp3", "ConsoleApp3\ConsoleApp3.csproj", "{0845E757-9749-499A-A839-0E42E8F4067D}"
EndProject
Global
	GlobalSection(SolutionConfigurationPlatforms) = preSolution
		Debug|Any CPU = Debug|Any CPU
		Release|Any CPU = Release|Any CPU
	EndGlobalSection
	GlobalSection(ProjectConfigurationPlatforms) = postSolution
		{0845E757-9749-499A-A839-0E42E8F4067D}.Debug|Any CPU.ActiveCfg = Debug|Any CPU
		{0845E757-9749-499A-A839-0E42E8F4067D}.Debug|Any CPU.Build.0 = Debug|Any CPU
		{0845E757-9749-499A-A839-0E42E8F4067D}.Release|Any CPU.ActiveCfg = Release|Any CPU
		{0845E757-9749-499A-A839-0E42E8F4067D}.Release|Any CPU.Build.0 = Release|Any CPU
	EndGlobalSection
	GlobalSection(SolutionProperties) = preSolution
		HideSolutionNode = FALSE
	EndGlobalSection
	GlobalSection(ExtensibilityGlobals) = postSolution
		SolutionGuid = {6FBA5353-2029-43EE-AE16-E652AAD9C98A}
	EndGlobalSection
EndGlobal
